
Microsoft Visual Studio Solution File, Format Version 12.00
# Visual Studio Version 16
VisualStudioVersion = 16.0.30413.136
MinimumVisualStudioVersion = 10.0.40219.1
Project("{FAE04EC0-301F-11D3-BF4B-00C04F79EFBC}") = "SortFileAlphabetically", "SortFileAlphabetically.csproj", "{823625D3-E482-4BE4-B709-957FCEEBBF7D}"
EndProject
Global
	GlobalSection(SolutionConfigurationPlatforms) = preSolution
		Debug|Any CPU = Debug|Any CPU
		Release|Any CPU = Release|Any CPU
	EndGlobalSection
	GlobalSection(ProjectConfigurationPlatforms) = postSolution
		{823625D3-E482-4BE4-B709-957FCEEBBF7D}.Debug|Any CPU.ActiveCfg = Debug|Any CPU
		{823625D3-E482-4BE4-B709-957FCEEBBF7D}.Debug|Any CPU.Build.0 = Debug|Any CPU
		{823625D3-E482-4BE4-B709-957FCEEBBF7D}.Release|Any CPU.ActiveCfg = Release|Any CPU
		{823625D3-E482-4BE4-B709-957FCEEBBF7D}.Release|Any CPU.Build.0 = Release|Any CPU
	EndGlobalSection
	GlobalSection(SolutionProperties) = preSolution
		HideSolutionNode = FALSE
	EndGlobalSection
	GlobalSection(ExtensibilityGlobals) = postSolution
		SolutionGuid = {387C8DD5-9DD1-42DC-80D0-15B8221AC433}
	EndGlobalSection
EndGlobal
